
Microsoft Visual Studio Solution File, Format Version 12.00
# Visual Studio Version 17
VisualStudioVersion = 17.5.002.0
MinimumVisualStudioVersion = 10.0.40219.1
Project("{9A19103F-16F7-4668-BE54-9A1E7A4F7556}") = "practica15-RaquelMejia", "practica15-RaquelMejia.csproj", "{4AB3C6E2-F83D-4BBA-8250-C826E320597F}"
EndProject
Global
	GlobalSection(SolutionConfigurationPlatforms) = preSolution
		Debug|Any CPU = Debug|Any CPU
		Release|Any CPU = Release|Any CPU
	EndGlobalSection
	GlobalSection(ProjectConfigurationPlatforms) = postSolution
		{4AB3C6E2-F83D-4BBA-8250-C826E320597F}.Debug|Any CPU.ActiveCfg = Debug|Any CPU
		{4AB3C6E2-F83D-4BBA-8250-C826E320597F}.Debug|Any CPU.Build.0 = Debug|Any CPU
		{4AB3C6E2-F83D-4BBA-8250-C826E320597F}.Release|Any CPU.ActiveCfg = Release|Any CPU
		{4AB3C6E2-F83D-4BBA-8250-C826E320597F}.Release|Any CPU.Build.0 = Release|Any CPU
	EndGlobalSection
	GlobalSection(SolutionProperties) = preSolution
		HideSolutionNode = FALSE
	EndGlobalSection
	GlobalSection(ExtensibilityGlobals) = postSolution
		SolutionGuid = {A387E393-BAD6-47DF-8CAF-A4437ECB3A1C}
	EndGlobalSection
EndGlobal
